
Microsoft Visual Studio Solution File, Format Version 11.00
# Visual Studio 2010
Project("{E24C65DC-7377-472B-9ABA-BC803B73C61A}") = "GiyimSitesi", ".", "{786B561A-5E55-4AD1-A152-3EFAD63D07E3}"
	ProjectSection(WebsiteProperties) = preProject
		TargetFrameworkMoniker = ".NETFramework,Version%3Dv4.0"
		Debug.AspNetCompiler.VirtualPath = "/GiyimSitesi"
		Debug.AspNetCompiler.PhysicalPath = "..\..\..\..\Desktop\Proje\GiyimSitesi\"
		Debug.AspNetCompiler.TargetPath = "PrecompiledWeb\GiyimSitesi\"
		Debug.AspNetCompiler.Updateable = "true"
		Debug.AspNetCompiler.ForceOverwrite = "true"
		Debug.AspNetCompiler.FixedNames = "false"
		Debug.AspNetCompiler.Debug = "True"
		Release.AspNetCompiler.VirtualPath = "/GiyimSitesi"
		Release.AspNetCompiler.PhysicalPath = "..\..\..\..\Desktop\Proje\GiyimSitesi\"
		Release.AspNetCompiler.TargetPath = "PrecompiledWeb\GiyimSitesi\"
		Release.AspNetCompiler.Updateable = "true"
		Release.AspNetCompiler.ForceOverwrite = "true"
		Release.AspNetCompiler.FixedNames = "false"
		Release.AspNetCompiler.Debug = "False"
		VWDPort = "49221"
	EndProjectSection
EndProject
Global
	GlobalSection(SolutionConfigurationPlatforms) = preSolution
		Debug|Any CPU = Debug|Any CPU
	EndGlobalSection
	GlobalSection(ProjectConfigurationPlatforms) = postSolution
		{786B561A-5E55-4AD1-A152-3EFAD63D07E3}.Debug|Any CPU.ActiveCfg = Debug|Any CPU
		{786B561A-5E55-4AD1-A152-3EFAD63D07E3}.Debug|Any CPU.Build.0 = Debug|Any CPU
	EndGlobalSection
	GlobalSection(SolutionProperties) = preSolution
		HideSolutionNode = FALSE
	EndGlobalSection
EndGlobal
